
Microsoft Visual Studio Solution File, Format Version 12.00
# Visual Studio Version 16
VisualStudioVersion = 16.0.31515.178
MinimumVisualStudioVersion = 10.0.40219.1
Project("{FAE04EC0-301F-11D3-BF4B-00C04F79EFBC}") = "TipoDeCombustivel", "TipoDeCombustivel\TipoDeCombustivel.csproj", "{F342C5ED-6971-4C04-96CD-F3066131C493}"
EndProject
Global
	GlobalSection(SolutionConfigurationPlatforms) = preSolution
		Debug|Any CPU = Debug|Any CPU
		Release|Any CPU = Release|Any CPU
	EndGlobalSection
	GlobalSection(ProjectConfigurationPlatforms) = postSolution
		{F342C5ED-6971-4C04-96CD-F3066131C493}.Debug|Any CPU.ActiveCfg = Debug|Any CPU
		{F342C5ED-6971-4C04-96CD-F3066131C493}.Debug|Any CPU.Build.0 = Debug|Any CPU
		{F342C5ED-6971-4C04-96CD-F3066131C493}.Release|Any CPU.ActiveCfg = Release|Any CPU
		{F342C5ED-6971-4C04-96CD-F3066131C493}.Release|Any CPU.Build.0 = Release|Any CPU
	EndGlobalSection
	GlobalSection(SolutionProperties) = preSolution
		HideSolutionNode = FALSE
	EndGlobalSection
	GlobalSection(ExtensibilityGlobals) = postSolution
		SolutionGuid = {24B184BE-8437-432F-885A-2CFB5773D955}
	EndGlobalSection
EndGlobal
